// !$*UTF8*$!
{
	archiveVersion = 1;
	classes = {
	};
	objectVersion = 50;
	objects = {

/* Begin PBXBuildFile section */
		1E6818EB25F91CA6003FC155 /* AppDelegate.swift in Sources */ = {isa = PBXBuildFile; fileRef = 1E6818EA25F91CA6003FC155 /* AppDelegate.swift */; };
		1E6818ED25F91CA6003FC155 /* SceneDelegate.swift in Sources */ = {isa = PBXBuildFile; fileRef = 1E6818EC25F91CA6003FC155 /* SceneDelegate.swift */; };
		1E6818EF25F91CA6003FC155 /* ViewController.swift in Sources */ = {isa = PBXBuildFile; fileRef = 1E6818EE25F91CA6003FC155 /* ViewController.swift */; };
		1E6818F225F91CA6003FC155 /* Main.storyboard in Resources */ = {isa = PBXBuildFile; fileRef = 1E6818F025F91CA6003FC155 /* Main.storyboard */; };
		1E6818F425F91CA6003FC155 /* Assets.xcassets in Resources */ = {isa = PBXBuildFile; fileRef = 1E6818F325F91CA6003FC155 /* Assets.xcassets */; };
		1E6818F725F91CA6003FC155 /* LaunchScreen.storyboard in Resources */ = {isa = PBXBuildFile; fileRef = 1E6818F525F91CA6003FC155 /* LaunchScreen.storyboard */; };
		1E68190225F91CA6003FC155 /* BucketListsTests.swift in Sources */ = {isa = PBXBuildFile; fileRef = 1E68190125F91CA6003FC155 /* BucketListsTests.swift */; };
		1E68190D25F91CA6003FC155 /* BucketListsUITests.swift in Sources */ = {isa = PBXBuildFile; fileRef = 1E68190C25F91CA6003FC155 /* BucketListsUITests.swift */; };
		1E68192425F92D7E003FC155 /* BucketList.swift in Sources */ = {isa = PBXBuildFile; fileRef = 1E68192325F92D7E003FC155 /* BucketList.swift */; };
		1E6D1B66260395C500D5427F /* DataController.swift in Sources */ = {isa = PBXBuildFile; fileRef = 1E6D1B65260395C500D5427F /* DataController.swift */; };
		308A10892604E83600B6BBDF /* DetailListTableView.storyboard in Resources */ = {isa = PBXBuildFile; fileRef = 308A10882604E83600B6BBDF /* DetailListTableView.storyboard */; };
		308A10912604E93000B6BBDF /* DetailListTableViewController.swift in Sources */ = {isa = PBXBuildFile; fileRef = 308A10902604E93000B6BBDF /* DetailListTableViewController.swift */; };
		30933AFE26161DFA00F7A645 /* ImageViewController.swift in Sources */ = {isa = PBXBuildFile; fileRef = 30933AFD26161DFA00F7A645 /* ImageViewController.swift */; };
		309AA52E25FA7B6700F65909 /* ListTableViewCell.swift in Sources */ = {isa = PBXBuildFile; fileRef = 309AA52D25FA7B6700F65909 /* ListTableViewCell.swift */; };
		30EA90ED26023FF200D6BF1D /* AddListTableView.storyboard in Resources */ = {isa = PBXBuildFile; fileRef = 30EA90EC26023FF200D6BF1D /* AddListTableView.storyboard */; };
		30EA90F22602405800D6BF1D /* AddListTableViewController.swift in Sources */ = {isa = PBXBuildFile; fileRef = 30EA90F12602405800D6BF1D /* AddListTableViewController.swift */; };
		30F6576225F9350D00E30B46 /* ListTableView.storyboard in Resources */ = {isa = PBXBuildFile; fileRef = 30F6576125F9350D00E30B46 /* ListTableView.storyboard */; };
		30F6576725F9364C00E30B46 /* ListTableViewController.swift in Sources */ = {isa = PBXBuildFile; fileRef = 30F6576625F9364C00E30B46 /* ListTableViewController.swift */; };
		7C2FF111260E21780058454C /* InfoViewController.swift in Sources */ = {isa = PBXBuildFile; fileRef = 7C2FF110260E21780058454C /* InfoViewController.swift */; };
		7C2FF11B260E3C530058454C /* App.swift in Sources */ = {isa = PBXBuildFile; fileRef = 7C2FF11A260E3C530058454C /* App.swift */; };
		7C4CB82B2600F71100C55EAB /* BucketCollectionViewCell.swift in Sources */ = {isa = PBXBuildFile; fileRef = 1E9AC5F625FA74770071B59F /* BucketCollectionViewCell.swift */; };
		7C4CB82F2600F71D00C55EAB /* HopefullyThisWorks.swift in Sources */ = {isa = PBXBuildFile; fileRef = 1EC64C8925FBCBBC00372BE4 /* HopefullyThisWorks.swift */; };
		7C4CB8332600F72000C55EAB /* InitialViewController.swift in Sources */ = {isa = PBXBuildFile; fileRef = 1E9AC5F125FA6BAE0071B59F /* InitialViewController.swift */; };
		7C9DABBF2612118200722DC5 /* ImageCollectionViewCell.swift in Sources */ = {isa = PBXBuildFile; fileRef = 7C9DABBE2612118200722DC5 /* ImageCollectionViewCell.swift */; };
		7CC6588A25F9342E00537BF4 /* CreateVC.storyboard in Resources */ = {isa = PBXBuildFile; fileRef = 7CC6588925F9342E00537BF4 /* CreateVC.storyboard */; };
		7CC6589325FA7F9000537BF4 /* ColorPickerViewController.swift in Sources */ = {isa = PBXBuildFile; fileRef = 7CC6589225FA7F9000537BF4 /* ColorPickerViewController.swift */; };
		7CC6589825FBB87700537BF4 /* CreateViewController.swift in Sources */ = {isa = PBXBuildFile; fileRef = 7CC6589725FBB87700537BF4 /* CreateViewController.swift */; };
/* End PBXBuildFile section */

/* Begin PBXContainerItemProxy section */
		1E6818FE25F91CA6003FC155 /* PBXContainerItemProxy */ = {
			isa = PBXContainerItemProxy;
			containerPortal = 1E6818DF25F91CA6003FC155 /* Project object */;
			proxyType = 1;
			remoteGlobalIDString = 1E6818E625F91CA6003FC155;
			remoteInfo = BucketLists;
		};
		1E68190925F91CA6003FC155 /* PBXContainerItemProxy */ = {
			isa = PBXContainerItemProxy;
			containerPortal = 1E6818DF25F91CA6003FC155 /* Project object */;
			proxyType = 1;
			remoteGlobalIDString = 1E6818E625F91CA6003FC155;
			remoteInfo = BucketLists;
		};
/* End PBXContainerItemProxy section */

/* Begin PBXFileReference section */
		1E6818E725F91CA6003FC155 /* BucketLists.app */ = {isa = PBXFileReference; explicitFileType = wrapper.application; includeInIndex = 0; path = BucketLists.app; sourceTree = BUILT_PRODUCTS_DIR; };
		1E6818EA25F91CA6003FC155 /* AppDelegate.swift */ = {isa = PBXFileReference; lastKnownFileType = sourcecode.swift; path = AppDelegate.swift; sourceTree = "<group>"; };
		1E6818EC25F91CA6003FC155 /* SceneDelegate.swift */ = {isa = PBXFileReference; lastKnownFileType = sourcecode.swift; path = SceneDelegate.swift; sourceTree = "<group>"; };
		1E6818EE25F91CA6003FC155 /* ViewController.swift */ = {isa = PBXFileReference; lastKnownFileType = sourcecode.swift; path = ViewController.swift; sourceTree = "<group>"; };
		1E6818F125F91CA6003FC155 /* Base */ = {isa = PBXFileReference; lastKnownFileType = file.storyboard; name = Base; path = Base.lproj/Main.storyboard; sourceTree = "<group>"; };
		1E6818F325F91CA6003FC155 /* Assets.xcassets */ = {isa = PBXFileReference; lastKnownFileType = folder.assetcatalog; path = Assets.xcassets; sourceTree = "<group>"; };
		1E6818F625F91CA6003FC155 /* Base */ = {isa = PBXFileReference; lastKnownFileType = file.storyboard; name = Base; path = Base.lproj/LaunchScreen.storyboard; sourceTree = "<group>"; };
		1E6818F825F91CA6003FC155 /* Info.plist */ = {isa = PBXFileReference; lastKnownFileType = text.plist.xml; path = Info.plist; sourceTree = "<group>"; };
		1E6818FD25F91CA6003FC155 /* BucketListsTests.xctest */ = {isa = PBXFileReference; explicitFileType = wrapper.cfbundle; includeInIndex = 0; path = BucketListsTests.xctest; sourceTree = BUILT_PRODUCTS_DIR; };
		1E68190125F91CA6003FC155 /* BucketListsTests.swift */ = {isa = PBXFileReference; lastKnownFileType = sourcecode.swift; path = BucketListsTests.swift; sourceTree = "<group>"; };
		1E68190325F91CA6003FC155 /* Info.plist */ = {isa = PBXFileReference; lastKnownFileType = text.plist.xml; path = Info.plist; sourceTree = "<group>"; };
		1E68190825F91CA6003FC155 /* BucketListsUITests.xctest */ = {isa = PBXFileReference; explicitFileType = wrapper.cfbundle; includeInIndex = 0; path = BucketListsUITests.xctest; sourceTree = BUILT_PRODUCTS_DIR; };
		1E68190C25F91CA6003FC155 /* BucketListsUITests.swift */ = {isa = PBXFileReference; lastKnownFileType = sourcecode.swift; path = BucketListsUITests.swift; sourceTree = "<group>"; };
		1E68190E25F91CA7003FC155 /* Info.plist */ = {isa = PBXFileReference; lastKnownFileType = text.plist.xml; path = Info.plist; sourceTree = "<group>"; };
		1E68192325F92D7E003FC155 /* BucketList.swift */ = {isa = PBXFileReference; lastKnownFileType = sourcecode.swift; path = BucketList.swift; sourceTree = "<group>"; };
		1E6D1B65260395C500D5427F /* DataController.swift */ = {isa = PBXFileReference; lastKnownFileType = sourcecode.swift; path = DataController.swift; sourceTree = "<group>"; };
		1E9AC5F125FA6BAE0071B59F /* InitialViewController.swift */ = {isa = PBXFileReference; lastKnownFileType = sourcecode.swift; path = InitialViewController.swift; sourceTree = "<group>"; };
		1E9AC5F625FA74770071B59F /* BucketCollectionViewCell.swift */ = {isa = PBXFileReference; lastKnownFileType = sourcecode.swift; path = BucketCollectionViewCell.swift; sourceTree = "<group>"; };
		1EC64C8925FBCBBC00372BE4 /* HopefullyThisWorks.swift */ = {isa = PBXFileReference; lastKnownFileType = sourcecode.swift; path = HopefullyThisWorks.swift; sourceTree = "<group>"; };
		308A10882604E83600B6BBDF /* DetailListTableView.storyboard */ = {isa = PBXFileReference; lastKnownFileType = file.storyboard; path = DetailListTableView.storyboard; sourceTree = "<group>"; };
		308A10902604E93000B6BBDF /* DetailListTableViewController.swift */ = {isa = PBXFileReference; lastKnownFileType = sourcecode.swift; path = DetailListTableViewController.swift; sourceTree = "<group>"; };
		30933AFD26161DFA00F7A645 /* ImageViewController.swift */ = {isa = PBXFileReference; lastKnownFileType = sourcecode.swift; path = ImageViewController.swift; sourceTree = "<group>"; };
		309AA52D25FA7B6700F65909 /* ListTableViewCell.swift */ = {isa = PBXFileReference; lastKnownFileType = sourcecode.swift; path = ListTableViewCell.swift; sourceTree = "<group>"; };
		30EA90EC26023FF200D6BF1D /* AddListTableView.storyboard */ = {isa = PBXFileReference; lastKnownFileType = file.storyboard; path = AddListTableView.storyboard; sourceTree = "<group>"; };
		30EA90F12602405800D6BF1D /* AddListTableViewController.swift */ = {isa = PBXFileReference; lastKnownFileType = sourcecode.swift; path = AddListTableViewController.swift; sourceTree = "<group>"; };
		30F6576125F9350D00E30B46 /* ListTableView.storyboard */ = {isa = PBXFileReference; lastKnownFileType = file.storyboard; path = ListTableView.storyboard; sourceTree = "<group>"; };
		30F6576625F9364C00E30B46 /* ListTableViewController.swift */ = {isa = PBXFileReference; lastKnownFileType = sourcecode.swift; path = ListTableViewController.swift; sourceTree = "<group>"; };
		7C2FF110260E21780058454C /* InfoViewController.swift */ = {isa = PBXFileReference; lastKnownFileType = sourcecode.swift; path = InfoViewController.swift; sourceTree = "<group>"; };
		7C2FF11A260E3C530058454C /* App.swift */ = {isa = PBXFileReference; lastKnownFileType = sourcecode.swift; path = App.swift; sourceTree = "<group>"; };
		7C9DABBE2612118200722DC5 /* ImageCollectionViewCell.swift */ = {isa = PBXFileReference; lastKnownFileType = sourcecode.swift; path = ImageCollectionViewCell.swift; sourceTree = "<group>"; };
		7CC6588925F9342E00537BF4 /* CreateVC.storyboard */ = {isa = PBXFileReference; lastKnownFileType = file.storyboard; path = CreateVC.storyboard; sourceTree = "<group>"; };
		7CC6589225FA7F9000537BF4 /* ColorPickerViewController.swift */ = {isa = PBXFileReference; lastKnownFileType = sourcecode.swift; path = ColorPickerViewController.swift; sourceTree = "<group>"; };
		7CC6589725FBB87700537BF4 /* CreateViewController.swift */ = {isa = PBXFileReference; lastKnownFileType = sourcecode.swift; path = CreateViewController.swift; sourceTree = "<group>"; };
/* End PBXFileReference section */

/* Begin PBXFrameworksBuildPhase section */
		1E6818E425F91CA6003FC155 /* Frameworks */ = {
			isa = PBXFrameworksBuildPhase;
			buildActionMask = 2147483647;
			files = (
			);
			runOnlyForDeploymentPostprocessing = 0;
		};
		1E6818FA25F91CA6003FC155 /* Frameworks */ = {
			isa = PBXFrameworksBuildPhase;
			buildActionMask = 2147483647;
			files = (
			);
			runOnlyForDeploymentPostprocessing = 0;
		};
		1E68190525F91CA6003FC155 /* Frameworks */ = {
			isa = PBXFrameworksBuildPhase;
			buildActionMask = 2147483647;
			files = (
			);
			runOnlyForDeploymentPostprocessing = 0;
		};
/* End PBXFrameworksBuildPhase section */

/* Begin PBXGroup section */
		1E6818DE25F91CA6003FC155 = {
			isa = PBXGroup;
			children = (
				1E6818E925F91CA6003FC155 /* BucketLists */,
				1E68190025F91CA6003FC155 /* BucketListsTests */,
				1E68190B25F91CA6003FC155 /* BucketListsUITests */,
				1E6818E825F91CA6003FC155 /* Products */,
			);
			sourceTree = "<group>";
		};
		1E6818E825F91CA6003FC155 /* Products */ = {
			isa = PBXGroup;
			children = (
				1E6818E725F91CA6003FC155 /* BucketLists.app */,
				1E6818FD25F91CA6003FC155 /* BucketListsTests.xctest */,
				1E68190825F91CA6003FC155 /* BucketListsUITests.xctest */,
			);
			name = Products;
			sourceTree = "<group>";
		};
		1E6818E925F91CA6003FC155 /* BucketLists */ = {
			isa = PBXGroup;
			children = (
				1E6818EA25F91CA6003FC155 /* AppDelegate.swift */,
				1E6818EC25F91CA6003FC155 /* SceneDelegate.swift */,
				1E6818EE25F91CA6003FC155 /* ViewController.swift */,
				7CC6588925F9342E00537BF4 /* CreateVC.storyboard */,
				1E68192325F92D7E003FC155 /* BucketList.swift */,
				7CC6589225FA7F9000537BF4 /* ColorPickerViewController.swift */,
				7CC6589725FBB87700537BF4 /* CreateViewController.swift */,
				1E9AC5F125FA6BAE0071B59F /* InitialViewController.swift */,
				1E6D1B65260395C500D5427F /* DataController.swift */,
				1EC64C8925FBCBBC00372BE4 /* HopefullyThisWorks.swift */,
				1E9AC5F625FA74770071B59F /* BucketCollectionViewCell.swift */,
				1E6818F025F91CA6003FC155 /* Main.storyboard */,
				7C2FF110260E21780058454C /* InfoViewController.swift */,
				7C9DABBE2612118200722DC5 /* ImageCollectionViewCell.swift */,
				7C2FF11A260E3C530058454C /* App.swift */,
				30F6576125F9350D00E30B46 /* ListTableView.storyboard */,
				309AA52D25FA7B6700F65909 /* ListTableViewCell.swift */,
				30F6576625F9364C00E30B46 /* ListTableViewController.swift */,
				30EA90EC26023FF200D6BF1D /* AddListTableView.storyboard */,
				30EA90F12602405800D6BF1D /* AddListTableViewController.swift */,
				308A10882604E83600B6BBDF /* DetailListTableView.storyboard */,
				308A10902604E93000B6BBDF /* DetailListTableViewController.swift */,
				30933AFD26161DFA00F7A645 /* ImageViewController.swift */,
				1E6818F325F91CA6003FC155 /* Assets.xcassets */,
				1E6818F525F91CA6003FC155 /* LaunchScreen.storyboard */,
				1E6818F825F91CA6003FC155 /* Info.plist */,
			);
			path = BucketLists;
			sourceTree = "<group>";
		};
		1E68190025F91CA6003FC155 /* BucketListsTests */ = {
			isa = PBXGroup;
			children = (
				1E68190125F91CA6003FC155 /* BucketListsTests.swift */,
				1E68190325F91CA6003FC155 /* Info.plist */,
			);
			path = BucketListsTests;
			sourceTree = "<group>";
		};
		1E68190B25F91CA6003FC155 /* BucketListsUITests */ = {
			isa = PBXGroup;
			children = (
				1E68190C25F91CA6003FC155 /* BucketListsUITests.swift */,
				1E68190E25F91CA7003FC155 /* Info.plist */,
			);
			path = BucketListsUITests;
			sourceTree = "<group>";
		};
/* End PBXGroup section */

/* Begin PBXNativeTarget section */
		1E6818E625F91CA6003FC155 /* BucketLists */ = {
			isa = PBXNativeTarget;
			buildConfigurationList = 1E68191125F91CA7003FC155 /* Build configuration list for PBXNativeTarget "BucketLists" */;
			buildPhases = (
				1E6818E325F91CA6003FC155 /* Sources */,
				1E6818E425F91CA6003FC155 /* Frameworks */,
				1E6818E525F91CA6003FC155 /* Resources */,
			);
			buildRules = (
			);
			dependencies = (
			);
			name = BucketLists;
			productName = BucketLists;
			productReference = 1E6818E725F91CA6003FC155 /* BucketLists.app */;
			productType = "com.apple.product-type.application";
		};
		1E6818FC25F91CA6003FC155 /* BucketListsTests */ = {
			isa = PBXNativeTarget;
			buildConfigurationList = 1E68191425F91CA7003FC155 /* Build configuration list for PBXNativeTarget "BucketListsTests" */;
			buildPhases = (
				1E6818F925F91CA6003FC155 /* Sources */,
				1E6818FA25F91CA6003FC155 /* Frameworks */,
				1E6818FB25F91CA6003FC155 /* Resources */,
			);
			buildRules = (
			);
			dependencies = (
				1E6818FF25F91CA6003FC155 /* PBXTargetDependency */,
			);
			name = BucketListsTests;
			productName = BucketListsTests;
			productReference = 1E6818FD25F91CA6003FC155 /* BucketListsTests.xctest */;
			productType = "com.apple.product-type.bundle.unit-test";
		};
		1E68190725F91CA6003FC155 /* BucketListsUITests */ = {
			isa = PBXNativeTarget;
			buildConfigurationList = 1E68191725F91CA7003FC155 /* Build configuration list for PBXNativeTarget "BucketListsUITests" */;
			buildPhases = (
				1E68190425F91CA6003FC155 /* Sources */,
				1E68190525F91CA6003FC155 /* Frameworks */,
				1E68190625F91CA6003FC155 /* Resources */,
			);
			buildRules = (
			);
			dependencies = (
				1E68190A25F91CA6003FC155 /* PBXTargetDependency */,
			);
			name = BucketListsUITests;
			productName = BucketListsUITests;
			productReference = 1E68190825F91CA6003FC155 /* BucketListsUITests.xctest */;
			productType = "com.apple.product-type.bundle.ui-testing";
		};
/* End PBXNativeTarget section */

/* Begin PBXProject section */
		1E6818DF25F91CA6003FC155 /* Project object */ = {
			isa = PBXProject;
			attributes = {
				LastSwiftUpdateCheck = 1240;
				LastUpgradeCheck = 1240;
				TargetAttributes = {
					1E6818E625F91CA6003FC155 = {
						CreatedOnToolsVersion = 12.4;
					};
					1E6818FC25F91CA6003FC155 = {
						CreatedOnToolsVersion = 12.4;
						TestTargetID = 1E6818E625F91CA6003FC155;
					};
					1E68190725F91CA6003FC155 = {
						CreatedOnToolsVersion = 12.4;
						TestTargetID = 1E6818E625F91CA6003FC155;
					};
				};
			};
			buildConfigurationList = 1E6818E225F91CA6003FC155 /* Build configuration list for PBXProject "BucketLists" */;
			compatibilityVersion = "Xcode 9.3";
			developmentRegion = en;
			hasScannedForEncodings = 0;
			knownRegions = (
				en,
				Base,
			);
			mainGroup = 1E6818DE25F91CA6003FC155;
			productRefGroup = 1E6818E825F91CA6003FC155 /* Products */;
			projectDirPath = "";
			projectRoot = "";
			targets = (
				1E6818E625F91CA6003FC155 /* BucketLists */,
				1E6818FC25F91CA6003FC155 /* BucketListsTests */,
				1E68190725F91CA6003FC155 /* BucketListsUITests */,
			);
		};
/* End PBXProject section */

/* Begin PBXResourcesBuildPhase section */
		1E6818E525F91CA6003FC155 /* Resources */ = {
			isa = PBXResourcesBuildPhase;
			buildActionMask = 2147483647;
			files = (
				1E6818F725F91CA6003FC155 /* LaunchScreen.storyboard in Resources */,
				7CC6588A25F9342E00537BF4 /* CreateVC.storyboard in Resources */,
				30EA90ED26023FF200D6BF1D /* AddListTableView.storyboard in Resources */,
				308A10892604E83600B6BBDF /* DetailListTableView.storyboard in Resources */,
				1E6818F425F91CA6003FC155 /* Assets.xcassets in Resources */,
				30F6576225F9350D00E30B46 /* ListTableView.storyboard in Resources */,
				1E6818F225F91CA6003FC155 /* Main.storyboard in Resources */,
			);
			runOnlyForDeploymentPostprocessing = 0;
		};
		1E6818FB25F91CA6003FC155 /* Resources */ = {
			isa = PBXResourcesBuildPhase;
			buildActionMask = 2147483647;
			files = (
			);
			runOnlyForDeploymentPostprocessing = 0;
		};
		1E68190625F91CA6003FC155 /* Resources */ = {
			isa = PBXResourcesBuildPhase;
			buildActionMask = 2147483647;
			files = (
			);
			runOnlyForDeploymentPostprocessing = 0;
		};
/* End PBXResourcesBuildPhase section */

/* Begin PBXSourcesBuildPhase section */
		1E6818E325F91CA6003FC155 /* Sources */ = {
			isa = PBXSourcesBuildPhase;
			buildActionMask = 2147483647;
			files = (
				7CC6589825FBB87700537BF4 /* CreateViewController.swift in Sources */,
				1E6D1B66260395C500D5427F /* DataController.swift in Sources */,
				308A10912604E93000B6BBDF /* DetailListTableViewController.swift in Sources */,
				1E6818EF25F91CA6003FC155 /* ViewController.swift in Sources */,
				7C2FF111260E21780058454C /* InfoViewController.swift in Sources */,
				7C9DABBF2612118200722DC5 /* ImageCollectionViewCell.swift in Sources */,
				30EA90F22602405800D6BF1D /* AddListTableViewController.swift in Sources */,
				7C2FF11B260E3C530058454C /* App.swift in Sources */,
				1E68192425F92D7E003FC155 /* BucketList.swift in Sources */,
				1E6818EB25F91CA6003FC155 /* AppDelegate.swift in Sources */,
				30933AFE26161DFA00F7A645 /* ImageViewController.swift in Sources */,
				7CC6589325FA7F9000537BF4 /* ColorPickerViewController.swift in Sources */,
				7C4CB8332600F72000C55EAB /* InitialViewController.swift in Sources */,
				30F6576725F9364C00E30B46 /* ListTableViewController.swift in Sources */,
				7C4CB82F2600F71D00C55EAB /* HopefullyThisWorks.swift in Sources */,
				7C4CB82B2600F71100C55EAB /* BucketCollectionViewCell.swift in Sources */,
				1E6818ED25F91CA6003FC155 /* SceneDelegate.swift in Sources */,
				309AA52E25FA7B6700F65909 /* ListTableViewCell.swift in Sources */,
			);
			runOnlyForDeploymentPostprocessing = 0;
		};
		1E6818F925F91CA6003FC155 /* Sources */ = {
			isa = PBXSourcesBuildPhase;
			buildActionMask = 2147483647;
			files = (
				1E68190225F91CA6003FC155 /* BucketListsTests.swift in Sources */,
			);
			runOnlyForDeploymentPostprocessing = 0;
		};
		1E68190425F91CA6003FC155 /* Sources */ = {
			isa = PBXSourcesBuildPhase;
			buildActionMask = 2147483647;
			files = (
				1E68190D25F91CA6003FC155 /* BucketListsUITests.swift in Sources */,
			);
			runOnlyForDeploymentPostprocessing = 0;
		};
/* End PBXSourcesBuildPhase section */

/* Begin PBXTargetDependency section */
		1E6818FF25F91CA6003FC155 /* PBXTargetDependency */ = {
			isa = PBXTargetDependency;
			target = 1E6818E625F91CA6003FC155 /* BucketLists */;
			targetProxy = 1E6818FE25F91CA6003FC155 /* PBXContainerItemProxy */;
		};
		1E68190A25F91CA6003FC155 /* PBXTargetDependency */ = {
			isa = PBXTargetDependency;
			target = 1E6818E625F91CA6003FC155 /* BucketLists */;
			targetProxy = 1E68190925F91CA6003FC155 /* PBXContainerItemProxy */;
		};
/* End PBXTargetDependency section */

/* Begin PBXVariantGroup section */
		1E6818F025F91CA6003FC155 /* Main.storyboard */ = {
			isa = PBXVariantGroup;
			children = (
				1E6818F125F91CA6003FC155 /* Base */,
			);
			name = Main.storyboard;
			sourceTree = "<group>";
		};
		1E6818F525F91CA6003FC155 /* LaunchScreen.storyboard */ = {
			isa = PBXVariantGroup;
			children = (
				1E6818F625F91CA6003FC155 /* Base */,
			);
			name = LaunchScreen.storyboard;
			sourceTree = "<group>";
		};
/* End PBXVariantGroup section */

/* Begin XCBuildConfiguration section */
		1E68190F25F91CA7003FC155 /* Debug */ = {
			isa = XCBuildConfiguration;
			buildSettings = {
				ALWAYS_SEARCH_USER_PATHS = NO;
				CLANG_ANALYZER_NONNULL = YES;
				CLANG_ANALYZER_NUMBER_OBJECT_CONVERSION = YES_AGGRESSIVE;
				CLANG_CXX_LANGUAGE_STANDARD = "gnu++14";
				CLANG_CXX_LIBRARY = "libc++";
				CLANG_ENABLE_MODULES = YES;
				CLANG_ENABLE_OBJC_ARC = YES;
				CLANG_ENABLE_OBJC_WEAK = YES;
				CLANG_WARN_BLOCK_CAPTURE_AUTORELEASING = YES;
				CLANG_WARN_BOOL_CONVERSION = YES;
				CLANG_WARN_COMMA = YES;
				CLANG_WARN_CONSTANT_CONVERSION = YES;
				CLANG_WARN_DEPRECATED_OBJC_IMPLEMENTATIONS = YES;
				CLANG_WARN_DIRECT_OBJC_ISA_USAGE = YES_ERROR;
				CLANG_WARN_DOCUMENTATION_COMMENTS = YES;
				CLANG_WARN_EMPTY_BODY = YES;
				CLANG_WARN_ENUM_CONVERSION = YES;
				CLANG_WARN_INFINITE_RECURSION = YES;
				CLANG_WARN_INT_CONVERSION = YES;
				CLANG_WARN_NON_LITERAL_NULL_CONVERSION = YES;
				CLANG_WARN_OBJC_IMPLICIT_RETAIN_SELF = YES;
				CLANG_WARN_OBJC_LITERAL_CONVERSION = YES;
				CLANG_WARN_OBJC_ROOT_CLASS = YES_ERROR;
				CLANG_WARN_QUOTED_INCLUDE_IN_FRAMEWORK_HEADER = YES;
				CLANG_WARN_RANGE_LOOP_ANALYSIS = YES;
				CLANG_WARN_STRICT_PROTOTYPES = YES;
				CLANG_WARN_SUSPICIOUS_MOVE = YES;
				CLANG_WARN_UNGUARDED_AVAILABILITY = YES_AGGRESSIVE;
				CLANG_WARN_UNREACHABLE_CODE = YES;
				CLANG_WARN__DUPLICATE_METHOD_MATCH = YES;
				COPY_PHASE_STRIP = NO;
				DEBUG_INFORMATION_FORMAT = dwarf;
				ENABLE_STRICT_OBJC_MSGSEND = YES;
				ENABLE_TESTABILITY = YES;
				GCC_C_LANGUAGE_STANDARD = gnu11;
				GCC_DYNAMIC_NO_PIC = NO;
				GCC_NO_COMMON_BLOCKS = YES;
				GCC_OPTIMIZATION_LEVEL = 0;
				GCC_PREPROCESSOR_DEFINITIONS = (
					"DEBUG=1",
					"$(inherited)",
				);
				GCC_WARN_64_TO_32_BIT_CONVERSION = YES;
				GCC_WARN_ABOUT_RETURN_TYPE = YES_ERROR;
				GCC_WARN_UNDECLARED_SELECTOR = YES;
				GCC_WARN_UNINITIALIZED_AUTOS = YES_AGGRESSIVE;
				GCC_WARN_UNUSED_FUNCTION = YES;
				GCC_WARN_UNUSED_VARIABLE = YES;
				IPHONEOS_DEPLOYMENT_TARGET = 14.4;
				MTL_ENABLE_DEBUG_INFO = INCLUDE_SOURCE;
				MTL_FAST_MATH = YES;
				ONLY_ACTIVE_ARCH = YES;
				SDKROOT = iphoneos;
				SWIFT_ACTIVE_COMPILATION_CONDITIONS = DEBUG;
				SWIFT_OPTIMIZATION_LEVEL = "-Onone";
			};
			name = Debug;
		};
		1E68191025F91CA7003FC155 /* Release */ = {
			isa = XCBuildConfiguration;
			buildSettings = {
				ALWAYS_SEARCH_USER_PATHS = NO;
				CLANG_ANALYZER_NONNULL = YES;
				CLANG_ANALYZER_NUMBER_OBJECT_CONVERSION = YES_AGGRESSIVE;
				CLANG_CXX_LANGUAGE_STANDARD = "gnu++14";
				CLANG_CXX_LIBRARY = "libc++";
				CLANG_ENABLE_MODULES = YES;
				CLANG_ENABLE_OBJC_ARC = YES;
				CLANG_ENABLE_OBJC_WEAK = YES;
				CLANG_WARN_BLOCK_CAPTURE_AUTORELEASING = YES;
				CLANG_WARN_BOOL_CONVERSION = YES;
				CLANG_WARN_COMMA = YES;
				CLANG_WARN_CONSTANT_CONVERSION = YES;
				CLANG_WARN_DEPRECATED_OBJC_IMPLEMENTATIONS = YES;
				CLANG_WARN_DIRECT_OBJC_ISA_USAGE = YES_ERROR;
				CLANG_WARN_DOCUMENTATION_COMMENTS = YES;
				CLANG_WARN_EMPTY_BODY = YES;
				CLANG_WARN_ENUM_CONVERSION = YES;
				CLANG_WARN_INFINITE_RECURSION = YES;
				CLANG_WARN_INT_CONVERSION = YES;
				CLANG_WARN_NON_LITERAL_NULL_CONVERSION = YES;
				CLANG_WARN_OBJC_IMPLICIT_RETAIN_SELF = YES;
				CLANG_WARN_OBJC_LITERAL_CONVERSION = YES;
				CLANG_WARN_OBJC_ROOT_CLASS = YES_ERROR;
				CLANG_WARN_QUOTED_INCLUDE_IN_FRAMEWORK_HEADER = YES;
				CLANG_WARN_RANGE_LOOP_ANALYSIS = YES;
				CLANG_WARN_STRICT_PROTOTYPES = YES;
				CLANG_WARN_SUSPICIOUS_MOVE = YES;
				CLANG_WARN_UNGUARDED_AVAILABILITY = YES_AGGRESSIVE;
				CLANG_WARN_UNREACHABLE_CODE = YES;
				CLANG_WARN__DUPLICATE_METHOD_MATCH = YES;
				COPY_PHASE_STRIP = NO;
				DEBUG_INFORMATION_FORMAT = "dwarf-with-dsym";
				ENABLE_NS_ASSERTIONS = NO;
				ENABLE_STRICT_OBJC_MSGSEND = YES;
				GCC_C_LANGUAGE_STANDARD = gnu11;
				GCC_NO_COMMON_BLOCKS = YES;
				GCC_WARN_64_TO_32_BIT_CONVERSION = YES;
				GCC_WARN_ABOUT_RETURN_TYPE = YES_ERROR;
				GCC_WARN_UNDECLARED_SELECTOR = YES;
				GCC_WARN_UNINITIALIZED_AUTOS = YES_AGGRESSIVE;
				GCC_WARN_UNUSED_FUNCTION = YES;
				GCC_WARN_UNUSED_VARIABLE = YES;
				IPHONEOS_DEPLOYMENT_TARGET = 14.4;
				MTL_ENABLE_DEBUG_INFO = NO;
				MTL_FAST_MATH = YES;
				SDKROOT = iphoneos;
				SWIFT_COMPILATION_MODE = wholemodule;
				SWIFT_OPTIMIZATION_LEVEL = "-O";
				VALIDATE_PRODUCT = YES;
			};
			name = Release;
		};
		1E68191225F91CA7003FC155 /* Debug */ = {
			isa = XCBuildConfiguration;
			buildSettings = {
				ASSETCATALOG_COMPILER_APPICON_NAME = AppIcon;
				ASSETCATALOG_COMPILER_GLOBAL_ACCENT_COLOR_NAME = AccentColor;
				CODE_SIGN_STYLE = Automatic;
				DEVELOPMENT_TEAM = W5PJYKV9WJ;
				INFOPLIST_FILE = BucketLists/Info.plist;
				LD_RUNPATH_SEARCH_PATHS = (
					"$(inherited)",
					"@executable_path/Frameworks",
				);
				PRODUCT_BUNDLE_IDENTIFIER = com.example.BucketLists;
				PRODUCT_NAME = "$(TARGET_NAME)";
				SWIFT_VERSION = 5.0;
				TARGETED_DEVICE_FAMILY = "1,2";
			};
			name = Debug;
		};
		1E68191325F91CA7003FC155 /* Release */ = {
			isa = XCBuildConfiguration;
			buildSettings = {
				ASSETCATALOG_COMPILER_APPICON_NAME = AppIcon;
				ASSETCATALOG_COMPILER_GLOBAL_ACCENT_COLOR_NAME = AccentColor;
				CODE_SIGN_STYLE = Automatic;
				DEVELOPMENT_TEAM = W5PJYKV9WJ;
				INFOPLIST_FILE = BucketLists/Info.plist;
				LD_RUNPATH_SEARCH_PATHS = (
					"$(inherited)",
					"@executable_path/Frameworks",
				);
				PRODUCT_BUNDLE_IDENTIFIER = com.example.BucketLists;
				PRODUCT_NAME = "$(TARGET_NAME)";
				SWIFT_VERSION = 5.0;
				TARGETED_DEVICE_FAMILY = "1,2";
			};
			name = Release;
		};
		1E68191525F91CA7003FC155 /* Debug */ = {
			isa = XCBuildConfiguration;
			buildSettings = {
				ALWAYS_EMBED_SWIFT_STANDARD_LIBRARIES = YES;
				BUNDLE_LOADER = "$(TEST_HOST)";
				CODE_SIGN_STYLE = Automatic;
				DEVELOPMENT_TEAM = W5PJYKV9WJ;
				INFOPLIST_FILE = BucketListsTests/Info.plist;
				IPHONEOS_DEPLOYMENT_TARGET = 14.4;
				LD_RUNPATH_SEARCH_PATHS = (
					"$(inherited)",
					"@executable_path/Frameworks",
					"@loader_path/Frameworks",
				);
				PRODUCT_BUNDLE_IDENTIFIER = com.example.BucketListsTests;
				PRODUCT_NAME = "$(TARGET_NAME)";
				SWIFT_VERSION = 5.0;
				TARGETED_DEVICE_FAMILY = "1,2";
				TEST_HOST = "$(BUILT_PRODUCTS_DIR)/BucketLists.app/BucketLists";
			};
			name = Debug;
		};
		1E68191625F91CA7003FC155 /* Release */ = {
			isa = XCBuildConfiguration;
			buildSettings = {
				ALWAYS_EMBED_SWIFT_STANDARD_LIBRARIES = YES;
				BUNDLE_LOADER = "$(TEST_HOST)";
				CODE_SIGN_STYLE = Automatic;
				DEVELOPMENT_TEAM = W5PJYKV9WJ;
				INFOPLIST_FILE = BucketListsTests/Info.plist;
				IPHONEOS_DEPLOYMENT_TARGET = 14.4;
				LD_RUNPATH_SEARCH_PATHS = (
					"$(inherited)",
					"@executable_path/Frameworks",
					"@loader_path/Frameworks",
				);
				PRODUCT_BUNDLE_IDENTIFIER = com.example.BucketListsTests;
				PRODUCT_NAME = "$(TARGET_NAME)";
				SWIFT_VERSION = 5.0;
				TARGETED_DEVICE_FAMILY = "1,2";
				TEST_HOST = "$(BUILT_PRODUCTS_DIR)/BucketLists.app/BucketLists";
			};
			name = Release;
		};
		1E68191825F91CA7003FC155 /* Debug */ = {
			isa = XCBuildConfiguration;
			buildSettings = {
				ALWAYS_EMBED_SWIFT_STANDARD_LIBRARIES = YES;
				CODE_SIGN_STYLE = Automatic;
				DEVELOPMENT_TEAM = W5PJYKV9WJ;
				INFOPLIST_FILE = BucketListsUITests/Info.plist;
				LD_RUNPATH_SEARCH_PATHS = (
					"$(inherited)",
					"@executable_path/Frameworks",
					"@loader_path/Frameworks",
				);
				PRODUCT_BUNDLE_IDENTIFIER = com.example.BucketListsUITests;
				PRODUCT_NAME = "$(TARGET_NAME)";
				SWIFT_VERSION = 5.0;
				TARGETED_DEVICE_FAMILY = "1,2";
				TEST_TARGET_NAME = BucketLists;
			};
			name = Debug;
		};
		1E68191925F91CA7003FC155 /* Release */ = {
			isa = XCBuildConfiguration;
			buildSettings = {
				ALWAYS_EMBED_SWIFT_STANDARD_LIBRARIES = YES;
				CODE_SIGN_STYLE = Automatic;
				DEVELOPMENT_TEAM = W5PJYKV9WJ;
				INFOPLIST_FILE = BucketListsUITests/Info.plist;
				LD_RUNPATH_SEARCH_PATHS = (
					"$(inherited)",
					"@executable_path/Frameworks",
					"@loader_path/Frameworks",
				);
				PRODUCT_BUNDLE_IDENTIFIER = com.example.BucketListsUITests;
				PRODUCT_NAME = "$(TARGET_NAME)";
				SWIFT_VERSION = 5.0;
				TARGETED_DEVICE_FAMILY = "1,2";
				TEST_TARGET_NAME = BucketLists;
			};
			name = Release;
		};
/* End XCBuildConfiguration section */

/* Begin XCConfigurationList section */
		1E6818E225F91CA6003FC155 /* Build configuration list for PBXProject "BucketLists" */ = {
			isa = XCConfigurationList;
			buildConfigurations = (
				1E68190F25F91CA7003FC155 /* Debug */,
				1E68191025F91CA7003FC155 /* Release */,
			);
			defaultConfigurationIsVisible = 0;
			defaultConfigurationName = Release;
		};
		1E68191125F91CA7003FC155 /* Build configuration list for PBXNativeTarget "BucketLists" */ = {
			isa = XCConfigurationList;
			buildConfigurations = (
				1E68191225F91CA7003FC155 /* Debug */,
				1E68191325F91CA7003FC155 /* Release */,
			);
			defaultConfigurationIsVisible = 0;
			defaultConfigurationName = Release;
		};
		1E68191425F91CA7003FC155 /* Build configuration list for PBXNativeTarget "BucketListsTests" */ = {
			isa = XCConfigurationList;
			buildConfigurations = (
				1E68191525F91CA7003FC155 /* Debug */,
				1E68191625F91CA7003FC155 /* Release */,
			);
			defaultConfigurationIsVisible = 0;
			defaultConfigurationName = Release;
		};
		1E68191725F91CA7003FC155 /* Build configuration list for PBXNativeTarget "BucketListsUITests" */ = {
			isa = XCConfigurationList;
			buildConfigurations = (
				1E68191825F91CA7003FC155 /* Debug */,
				1E68191925F91CA7003FC155 /* Release */,
			);
			defaultConfigurationIsVisible = 0;
			defaultConfigurationName = Release;
		};
/* End XCConfigurationList section */
	};
	rootObject = 1E6818DF25F91CA6003FC155 /* Project object */;
}
